
Microsoft Visual Studio Solution File, Format Version 12.00
# Visual Studio Version 16
VisualStudioVersion = 16.0.28922.388
MinimumVisualStudioVersion = 10.0.40219.1
Project("{FAE04EC0-301F-11D3-BF4B-00C04F79EFBC}") = "Tarea1", "Tarea1\Tarea1.csproj", "{9051D322-4AA0-4231-A381-22760946A1D6}"
EndProject
Global
	GlobalSection(SolutionConfigurationPlatforms) = preSolution
		Debug|Any CPU = Debug|Any CPU
		Release|Any CPU = Release|Any CPU
	EndGlobalSection
	GlobalSection(ProjectConfigurationPlatforms) = postSolution
		{9051D322-4AA0-4231-A381-22760946A1D6}.Debug|Any CPU.ActiveCfg = Debug|Any CPU
		{9051D322-4AA0-4231-A381-22760946A1D6}.Debug|Any CPU.Build.0 = Debug|Any CPU
		{9051D322-4AA0-4231-A381-22760946A1D6}.Release|Any CPU.ActiveCfg = Release|Any CPU
		{9051D322-4AA0-4231-A381-22760946A1D6}.Release|Any CPU.Build.0 = Release|Any CPU
	EndGlobalSection
	GlobalSection(SolutionProperties) = preSolution
		HideSolutionNode = FALSE
	EndGlobalSection
	GlobalSection(ExtensibilityGlobals) = postSolution
		SolutionGuid = {B9A9A1F9-98BC-4C60-92F1-9C8FADF56A4E}
	EndGlobalSection
EndGlobal
